
Microsoft Visual Studio Solution File, Format Version 12.00
# Visual Studio Version 17
VisualStudioVersion = 17.11.35327.3
MinimumVisualStudioVersion = 10.0.40219.1
Project("{F184B08F-C81C-45F6-A57F-5ABD9991F28F}") = "ExBilhetes", "ExBilhetes.vbproj", "{192B86F4-06AF-498B-AD4D-F359AD0461EF}"
EndProject
Project("{2150E333-8FDC-42A3-9474-1A3956D46DE8}") = "Solution Items", "Solution Items", "{A705FBCA-7670-459A-AE17-35580D9D783E}"
	ProjectSection(SolutionItems) = preProject
		train.png = train.png
	EndProjectSection
EndProject
Global
	GlobalSection(SolutionConfigurationPlatforms) = preSolution
		Debug|Any CPU = Debug|Any CPU
		Release|Any CPU = Release|Any CPU
	EndGlobalSection
	GlobalSection(ProjectConfigurationPlatforms) = postSolution
		{192B86F4-06AF-498B-AD4D-F359AD0461EF}.Debug|Any CPU.ActiveCfg = Debug|Any CPU
		{192B86F4-06AF-498B-AD4D-F359AD0461EF}.Debug|Any CPU.Build.0 = Debug|Any CPU
		{192B86F4-06AF-498B-AD4D-F359AD0461EF}.Release|Any CPU.ActiveCfg = Release|Any CPU
		{192B86F4-06AF-498B-AD4D-F359AD0461EF}.Release|Any CPU.Build.0 = Release|Any CPU
	EndGlobalSection
	GlobalSection(SolutionProperties) = preSolution
		HideSolutionNode = FALSE
	EndGlobalSection
	GlobalSection(ExtensibilityGlobals) = postSolution
		SolutionGuid = {E0E87011-CE40-4F23-A461-A03D0BB21FEF}
	EndGlobalSection
EndGlobal
